
Microsoft Visual Studio Solution File, Format Version 12.00
# Visual Studio Version 17
VisualStudioVersion = 17.0.31903.59
MinimumVisualStudioVersion = 10.0.40219.1
Project("{2150E333-8FDC-42A3-9474-1A3956D46DE8}") = "src", "src", "{4CD5B067-AE8E-49B0-9329-C7EC0F42A6DC}"
EndProject
Project("{FAE04EC0-301F-11D3-BF4B-00C04F79EFBC}") = "Core", "src\Core\Core.csproj", "{3DAE387D-0B13-453F-9882-8FEF29724918}"
EndProject
Global
	GlobalSection(SolutionConfigurationPlatforms) = preSolution
		Debug|Any CPU = Debug|Any CPU
		Release|Any CPU = Release|Any CPU
	EndGlobalSection
	GlobalSection(SolutionProperties) = preSolution
		HideSolutionNode = FALSE
	EndGlobalSection
	GlobalSection(ProjectConfigurationPlatforms) = postSolution
		{FC5A625D-A928-4FDA-8191-617BECC89854}.Debug|Any CPU.ActiveCfg = Debug|Any CPU
		{FC5A625D-A928-4FDA-8191-617BECC89854}.Debug|Any CPU.Build.0 = Debug|Any CPU
		{FC5A625D-A928-4FDA-8191-617BECC89854}.Release|Any CPU.ActiveCfg = Release|Any CPU
		{FC5A625D-A928-4FDA-8191-617BECC89854}.Release|Any CPU.Build.0 = Release|Any CPU
		{3DAE387D-0B13-453F-9882-8FEF29724918}.Debug|Any CPU.ActiveCfg = Debug|Any CPU
		{3DAE387D-0B13-453F-9882-8FEF29724918}.Debug|Any CPU.Build.0 = Debug|Any CPU
		{3DAE387D-0B13-453F-9882-8FEF29724918}.Release|Any CPU.ActiveCfg = Release|Any CPU
		{3DAE387D-0B13-453F-9882-8FEF29724918}.Release|Any CPU.Build.0 = Release|Any CPU
	EndGlobalSection
	GlobalSection(NestedProjects) = preSolution
		{FC5A625D-A928-4FDA-8191-617BECC89854} = {4CD5B067-AE8E-49B0-9329-C7EC0F42A6DC}
		{3DAE387D-0B13-453F-9882-8FEF29724918} = {4CD5B067-AE8E-49B0-9329-C7EC0F42A6DC}
	EndGlobalSection
EndGlobal
